PODS:
  - AudioKit (4.11.2):
    - AudioKit/Core (= 4.11.2)
    - AudioKit/UI (= 4.11.2)
  - AudioKit/Core (4.11.2)
  - AudioKit/UI (4.11.2):
    - AudioKit/Core
  - Flutter (1.0.0)
  - sound_generator (0.0.1):
    - AudioKit
    - Flutter

DEPENDENCIES:
  - Flutter (from `Flutter`)
  - sound_generator (from `.symlinks/plugins/sound_generator/ios`)

SPEC REPOS:
  trunk:
    - AudioKit

EXTERNAL SOURCES:
  Flutter:
    :path: Flutter
  sound_generator:
    :path: ".symlinks/plugins/sound_generator/ios"

SPEC CHECKSUMS:
  AudioKit: 57cc61d708f085763a031e5c3f87adae21dc4b59
  Flutter: 434fef37c0980e73bb6479ef766c45957d4b510c
  sound_generator: b182ddad2c3c4d6243a8dbaf6e4975974d27c40f

PODFILE CHECKSUM: 0a1da3e36b82927f963e5c2f6f6ba6efed8794eb

COCOAPODS: 1.10.1
